// !$*UTF8*$!
{
	archiveVersion = 1;
	classes = {
	};
	objectVersion = 74;
	objects = {

/* Begin PBXBuildFile section */
		AD430AE02E48C0AE00F90C76 /* ImagesListViewController.swift in Sources */ = {isa = PBXBuildFile; fileRef = AD430AD72E48C0AE00F90C76 /* ImagesListViewController.swift */; };
		AD430AEC2E48C7A900F90C76 /* ImagesListCell.swift in Sources */ = {isa = PBXBuildFile; fileRef = AD430AEB2E48C7A900F90C76 /* ImagesListCell.swift */; };
		AD4844142E589B2200279658 /* SingleImageViewController.swift in Sources */ = {isa = PBXBuildFile; fileRef = AD4844132E589B2200279658 /* SingleImageViewController.swift */; };
		AD4844152E589B2200279658 /* SingleImageViewController.swift in Sources */ = {isa = PBXBuildFile; fileRef = AD4844132E589B2200279658 /* SingleImageViewController.swift */; };
		AD8AFB3D2E606C0900922AD3 /* Constants.swift in Sources */ = {isa = PBXBuildFile; fileRef = AD8AFB3C2E606C0900922AD3 /* Constants.swift */; };
		AD8AFB492E60D0EC00922AD3 /* WebKit.framework in Frameworks */ = {isa = PBXBuildFile; fileRef = AD8AFB482E60D0EC00922AD3 /* WebKit.framework */; };
		ADBA72E62E65CE3F00C41007 /* OAuth2Service.swift in Sources */ = {isa = PBXBuildFile; fileRef = ADBA72E52E65CE3F00C41007 /* OAuth2Service.swift */; };
		ADBA72E72E65CE3F00C41007 /* OAuth2Service.swift in Sources */ = {isa = PBXBuildFile; fileRef = ADBA72E52E65CE3F00C41007 /* OAuth2Service.swift */; };
		ADBA72ED2E69A87D00C41007 /* OAuth2TokenStorage.swift in Sources */ = {isa = PBXBuildFile; fileRef = ADBA72EC2E69A87D00C41007 /* OAuth2TokenStorage.swift */; };
		ADBA72EE2E69A87D00C41007 /* OAuth2TokenStorage.swift in Sources */ = {isa = PBXBuildFile; fileRef = ADBA72EC2E69A87D00C41007 /* OAuth2TokenStorage.swift */; };
		ADBA72F02E69A89F00C41007 /* OAuth2ResponseBody.swift in Sources */ = {isa = PBXBuildFile; fileRef = ADBA72EF2E69A89F00C41007 /* OAuth2ResponseBody.swift */; };
		ADBA72F12E69A89F00C41007 /* OAuth2ResponseBody.swift in Sources */ = {isa = PBXBuildFile; fileRef = ADBA72EF2E69A89F00C41007 /* OAuth2ResponseBody.swift */; };
		ADBA72F62E69C8F700C41007 /* SplashViewController.swift in Sources */ = {isa = PBXBuildFile; fileRef = ADBA72F52E69C8F700C41007 /* SplashViewController.swift */; };
		ADBA72F72E69C8F700C41007 /* SplashViewController.swift in Sources */ = {isa = PBXBuildFile; fileRef = ADBA72F52E69C8F700C41007 /* SplashViewController.swift */; };
/* End PBXBuildFile section */

/* Begin PBXContainerItemProxy section */
		AD1DA9592E44B12E00E501B5 /* PBXContainerItemProxy */ = {
			isa = PBXContainerItemProxy;
			containerPortal = AD1DA93A2E44B12A00E501B5 /* Project object */;
			proxyType = 1;
			remoteGlobalIDString = AD1DA9412E44B12A00E501B5;
			remoteInfo = ImageFeed;
		};
		AD1DA9632E44B12E00E501B5 /* PBXContainerItemProxy */ = {
			isa = PBXContainerItemProxy;
			containerPortal = AD1DA93A2E44B12A00E501B5 /* Project object */;
			proxyType = 1;
			remoteGlobalIDString = AD1DA9412E44B12A00E501B5;
			remoteInfo = ImageFeed;
		};
/* End PBXContainerItemProxy section */

/* Begin PBXFileReference section */
		AD1DA9422E44B12A00E501B5 /* ImageFeed.app */ = {isa = PBXFileReference; explicitFileType = wrapper.application; includeInIndex = 0; path = ImageFeed.app; sourceTree = BUILT_PRODUCTS_DIR; };
		AD1DA9582E44B12E00E501B5 /* ImageFeedTests.xctest */ = {isa = PBXFileReference; explicitFileType = wrapper.cfbundle; includeInIndex = 0; path = ImageFeedTests.xctest; sourceTree = BUILT_PRODUCTS_DIR; };
		AD1DA9622E44B12E00E501B5 /* ImageFeedUITests.xctest */ = {isa = PBXFileReference; explicitFileType = wrapper.cfbundle; includeInIndex = 0; path = ImageFeedUITests.xctest; sourceTree = BUILT_PRODUCTS_DIR; };
		AD430AD72E48C0AE00F90C76 /* ImagesListViewController.swift */ = {isa = PBXFileReference; lastKnownFileType = sourcecode.swift; path = ImagesListViewController.swift; sourceTree = "<group>"; };
		AD430AEB2E48C7A900F90C76 /* ImagesListCell.swift */ = {isa = PBXFileReference; lastKnownFileType = sourcecode.swift; path = ImagesListCell.swift; sourceTree = "<group>"; };
		AD4844132E589B2200279658 /* SingleImageViewController.swift */ = {isa = PBXFileReference; lastKnownFileType = sourcecode.swift; path = SingleImageViewController.swift; sourceTree = "<group>"; };
		AD8AFB3C2E606C0900922AD3 /* Constants.swift */ = {isa = PBXFileReference; lastKnownFileType = sourcecode.swift; path = Constants.swift; sourceTree = "<group>"; };
		AD8AFB482E60D0EC00922AD3 /* WebKit.framework */ = {isa = PBXFileReference; lastKnownFileType = wrapper.framework; name = WebKit.framework; path = System/Library/Frameworks/WebKit.framework; sourceTree = SDKROOT; };
		ADBA72E52E65CE3F00C41007 /* OAuth2Service.swift */ = {isa = PBXFileReference; lastKnownFileType = sourcecode.swift; path = OAuth2Service.swift; sourceTree = "<group>"; };
		ADBA72EC2E69A87D00C41007 /* OAuth2TokenStorage.swift */ = {isa = PBXFileReference; lastKnownFileType = sourcecode.swift; path = OAuth2TokenStorage.swift; sourceTree = "<group>"; };
		ADBA72EF2E69A89F00C41007 /* OAuth2ResponseBody.swift */ = {isa = PBXFileReference; lastKnownFileType = sourcecode.swift; path = OAuth2ResponseBody.swift; sourceTree = "<group>"; };
		ADBA72F52E69C8F700C41007 /* SplashViewController.swift */ = {isa = PBXFileReference; lastKnownFileType = sourcecode.swift; path = SplashViewController.swift; sourceTree = "<group>"; };
/* End PBXFileReference section */

/* Begin PBXFileSystemSynchronizedBuildFileExceptionSet section */
		AD1DA96A2E44B12E00E501B5 /* PBXFileSystemSynchronizedBuildFileExceptionSet */ = {
			isa = PBXFileSystemSynchronizedBuildFileExceptionSet;
			membershipExceptions = (
				Info.plist,
			);
			target = AD1DA9412E44B12A00E501B5 /* ImageFeed */;
		};
		AD401CB52E54AB6C00711382 /* PBXFileSystemSynchronizedBuildFileExceptionSet */ = {
			isa = PBXFileSystemSynchronizedBuildFileExceptionSet;
			membershipExceptions = (
				ProfileViewController.swift,
			);
			target = AD1DA9412E44B12A00E501B5 /* ImageFeed */;
		};
		AD401CB62E54AB6C00711382 /* PBXFileSystemSynchronizedBuildFileExceptionSet */ = {
			isa = PBXFileSystemSynchronizedBuildFileExceptionSet;
			membershipExceptions = (
				ProfileViewController.swift,
			);
			target = AD1DA9612E44B12E00E501B5 /* ImageFeedUITests */;
		};
		AD8286682E58A3F000FA119B /* PBXFileSystemSynchronizedBuildFileExceptionSet */ = {
			isa = PBXFileSystemSynchronizedBuildFileExceptionSet;
			membershipExceptions = (
				/Localized/Main.storyboard,
			);
			target = AD1DA9612E44B12E00E501B5 /* ImageFeedUITests */;
		};
		AD8AFB432E60C1E000922AD3 /* PBXFileSystemSynchronizedBuildFileExceptionSet */ = {
			isa = PBXFileSystemSynchronizedBuildFileExceptionSet;
			membershipExceptions = (
				AuthViewController.swift,
				"URLSession+data.swift",
				WebViewViewController.swift,
			);
			target = AD1DA9412E44B12A00E501B5 /* ImageFeed */;
		};
/* End PBXFileSystemSynchronizedBuildFileExceptionSet section */

/* Begin PBXFileSystemSynchronizedRootGroup section */
		AD1DA9442E44B12A00E501B5 /* ImageFeed */ = {isa = PBXFileSystemSynchronizedRootGroup; exceptions = (AD1DA96A2E44B12E00E501B5 /* PBXFileSystemSynchronizedBuildFileExceptionSet */, AD8286682E58A3F000FA119B /* PBXFileSystemSynchronizedBuildFileExceptionSet */, ); explicitFileTypes = {}; explicitFolders = (); path = ImageFeed; sourceTree = "<group>"; };
		AD1DA95B2E44B12E00E501B5 /* ImageFeedTests */ = {isa = PBXFileSystemSynchronizedRootGroup; explicitFileTypes = {}; explicitFolders = (); path = ImageFeedTests; sourceTree = "<group>"; };
		AD1DA9652E44B12E00E501B5 /* ImageFeedUITests */ = {isa = PBXFileSystemSynchronizedRootGroup; explicitFileTypes = {}; explicitFolders = (); path = ImageFeedUITests; sourceTree = "<group>"; };
		AD401CB32E54AB6B00711382 /* Profile */ = {isa = PBXFileSystemSynchronizedRootGroup; exceptions = (AD401CB52E54AB6C00711382 /* PBXFileSystemSynchronizedBuildFileExceptionSet */, AD401CB62E54AB6C00711382 /* PBXFileSystemSynchronizedBuildFileExceptionSet */, ); explicitFileTypes = {}; explicitFolders = (); path = Profile; sourceTree = "<group>"; };
		AD8AFB3F2E60C19500922AD3 /* Auth */ = {isa = PBXFileSystemSynchronizedRootGroup; exceptions = (AD8AFB432E60C1E000922AD3 /* PBXFileSystemSynchronizedBuildFileExceptionSet */, ); explicitFileTypes = {}; explicitFolders = (); path = Auth; sourceTree = "<group>"; };
/* End PBXFileSystemSynchronizedRootGroup section */

/* Begin PBXFrameworksBuildPhase section */
		AD1DA93F2E44B12A00E501B5 /* Frameworks */ = {
			isa = PBXFrameworksBuildPhase;
			buildActionMask = 2147483647;
			files = (
				AD8AFB492E60D0EC00922AD3 /* WebKit.framework in Frameworks */,
			);
			runOnlyForDeploymentPostprocessing = 0;
		};
		AD1DA9552E44B12E00E501B5 /* Frameworks */ = {
			isa = PBXFrameworksBuildPhase;
			buildActionMask = 2147483647;
			files = (
			);
			runOnlyForDeploymentPostprocessing = 0;
		};
		AD1DA95F2E44B12E00E501B5 /* Frameworks */ = {
			isa = PBXFrameworksBuildPhase;
			buildActionMask = 2147483647;
			files = (
			);
			runOnlyForDeploymentPostprocessing = 0;
		};
/* End PBXFrameworksBuildPhase section */

/* Begin PBXGroup section */
		AD1DA9392E44B12A00E501B5 = {
			isa = PBXGroup;
			children = (
				ADBA72EB2E69A86800C41007 /* OAuth2 */,
				AD8AFB3F2E60C19500922AD3 /* Auth */,
				AD8AFB3E2E607F3500922AD3 /* SingleImageViewController */,
				AD8AFB3B2E606BE600922AD3 /* Constant */,
				AD401CB32E54AB6B00711382 /* Profile */,
				AD430AED2E48C80C00F90C76 /* ImagesList */,
				AD1DA9442E44B12A00E501B5 /* ImageFeed */,
				AD1DA95B2E44B12E00E501B5 /* ImageFeedTests */,
				AD1DA9652E44B12E00E501B5 /* ImageFeedUITests */,
				AD8AFB472E60D0EC00922AD3 /* Frameworks */,
				AD1DA9432E44B12A00E501B5 /* Products */,
			);
			sourceTree = "<group>";
		};
		AD1DA9432E44B12A00E501B5 /* Products */ = {
			isa = PBXGroup;
			children = (
				AD1DA9422E44B12A00E501B5 /* ImageFeed.app */,
				AD1DA9582E44B12E00E501B5 /* ImageFeedTests.xctest */,
				AD1DA9622E44B12E00E501B5 /* ImageFeedUITests.xctest */,
			);
			name = Products;
			sourceTree = "<group>";
		};
		AD430AED2E48C80C00F90C76 /* ImagesList */ = {
			isa = PBXGroup;
			children = (
				AD430AD72E48C0AE00F90C76 /* ImagesListViewController.swift */,
				AD430AEB2E48C7A900F90C76 /* ImagesListCell.swift */,
				ADBA72F52E69C8F700C41007 /* SplashViewController.swift */,
			);
			path = ImagesList;
			sourceTree = "<group>";
		};
		AD8AFB3B2E606BE600922AD3 /* Constant */ = {
			isa = PBXGroup;
			children = (
				AD8AFB3C2E606C0900922AD3 /* Constants.swift */,
			);
			path = Constant;
			sourceTree = "<group>";
		};
		AD8AFB3E2E607F3500922AD3 /* SingleImageViewController */ = {
			isa = PBXGroup;
			children = (
				AD4844132E589B2200279658 /* SingleImageViewController.swift */,
			);
			path = SingleImageViewController;
			sourceTree = "<group>";
		};
		AD8AFB472E60D0EC00922AD3 /* Frameworks */ = {
			isa = PBXGroup;
			children = (
				AD8AFB482E60D0EC00922AD3 /* WebKit.framework */,
			);
			name = Frameworks;
			sourceTree = "<group>";
		};
		ADBA72EB2E69A86800C41007 /* OAuth2 */ = {
			isa = PBXGroup;
			children = (
				ADBA72E52E65CE3F00C41007 /* OAuth2Service.swift */,
				ADBA72EC2E69A87D00C41007 /* OAuth2TokenStorage.swift */,
				ADBA72EF2E69A89F00C41007 /* OAuth2ResponseBody.swift */,
			);
			path = OAuth2;
			sourceTree = "<group>";
		};
/* End PBXGroup section */

/* Begin PBXNativeTarget section */
		AD1DA9412E44B12A00E501B5 /* ImageFeed */ = {
			isa = PBXNativeTarget;
			buildConfigurationList = AD1DA96B2E44B12E00E501B5 /* Build configuration list for PBXNativeTarget "ImageFeed" */;
			buildPhases = (
				AD1DA93E2E44B12A00E501B5 /* Sources */,
				AD1DA93F2E44B12A00E501B5 /* Frameworks */,
				AD1DA9402E44B12A00E501B5 /* Resources */,
			);
			buildRules = (
			);
			dependencies = (
			);
			fileSystemSynchronizedGroups = (
				AD1DA9442E44B12A00E501B5 /* ImageFeed */,
			);
			name = ImageFeed;
			packageProductDependencies = (
			);
			productName = ImageFeed;
			productReference = AD1DA9422E44B12A00E501B5 /* ImageFeed.app */;
			productType = "com.apple.product-type.application";
		};
		AD1DA9572E44B12E00E501B5 /* ImageFeedTests */ = {
			isa = PBXNativeTarget;
			buildConfigurationList = AD1DA9702E44B12E00E501B5 /* Build configuration list for PBXNativeTarget "ImageFeedTests" */;
			buildPhases = (
				AD1DA9542E44B12E00E501B5 /* Sources */,
				AD1DA9552E44B12E00E501B5 /* Frameworks */,
				AD1DA9562E44B12E00E501B5 /* Resources */,
			);
			buildRules = (
			);
			dependencies = (
				AD1DA95A2E44B12E00E501B5 /* PBXTargetDependency */,
			);
			fileSystemSynchronizedGroups = (
				AD1DA95B2E44B12E00E501B5 /* ImageFeedTests */,
			);
			name = ImageFeedTests;
			packageProductDependencies = (
			);
			productName = ImageFeedTests;
			productReference = AD1DA9582E44B12E00E501B5 /* ImageFeedTests.xctest */;
			productType = "com.apple.product-type.bundle.unit-test";
		};
		AD1DA9612E44B12E00E501B5 /* ImageFeedUITests */ = {
			isa = PBXNativeTarget;
			buildConfigurationList = AD1DA9732E44B12E00E501B5 /* Build configuration list for PBXNativeTarget "ImageFeedUITests" */;
			buildPhases = (
				AD1DA95E2E44B12E00E501B5 /* Sources */,
				AD1DA95F2E44B12E00E501B5 /* Frameworks */,
				AD1DA9602E44B12E00E501B5 /* Resources */,
			);
			buildRules = (
			);
			dependencies = (
				AD1DA9642E44B12E00E501B5 /* PBXTargetDependency */,
			);
			fileSystemSynchronizedGroups = (
				AD1DA9652E44B12E00E501B5 /* ImageFeedUITests */,
				AD401CB32E54AB6B00711382 /* Profile */,
				AD8AFB3F2E60C19500922AD3 /* Auth */,
			);
			name = ImageFeedUITests;
			packageProductDependencies = (
			);
			productName = ImageFeedUITests;
			productReference = AD1DA9622E44B12E00E501B5 /* ImageFeedUITests.xctest */;
			productType = "com.apple.product-type.bundle.ui-testing";
		};
/* End PBXNativeTarget section */

/* Begin PBXProject section */
		AD1DA93A2E44B12A00E501B5 /* Project object */ = {
			isa = PBXProject;
			attributes = {
				BuildIndependentTargetsInParallel = 1;
				LastSwiftUpdateCheck = 1630;
				LastUpgradeCheck = 1630;
				TargetAttributes = {
					AD1DA9412E44B12A00E501B5 = {
						CreatedOnToolsVersion = 16.3;
					};
					AD1DA9572E44B12E00E501B5 = {
						CreatedOnToolsVersion = 16.3;
						TestTargetID = AD1DA9412E44B12A00E501B5;
					};
					AD1DA9612E44B12E00E501B5 = {
						CreatedOnToolsVersion = 16.3;
						TestTargetID = AD1DA9412E44B12A00E501B5;
					};
				};
			};
			buildConfigurationList = AD1DA93D2E44B12A00E501B5 /* Build configuration list for PBXProject "ImageFeed" */;
			developmentRegion = en;
			hasScannedForEncodings = 0;
			knownRegions = (
				en,
				Base,
			);
			mainGroup = AD1DA9392E44B12A00E501B5;
			minimizedProjectReferenceProxies = 1;
			preferredProjectObjectVersion = 56;
			productRefGroup = AD1DA9432E44B12A00E501B5 /* Products */;
			projectDirPath = "";
			projectRoot = "";
			targets = (
				AD1DA9412E44B12A00E501B5 /* ImageFeed */,
				AD1DA9572E44B12E00E501B5 /* ImageFeedTests */,
				AD1DA9612E44B12E00E501B5 /* ImageFeedUITests */,
			);
		};
/* End PBXProject section */

/* Begin PBXResourcesBuildPhase section */
		AD1DA9402E44B12A00E501B5 /* Resources */ = {
			isa = PBXResourcesBuildPhase;
			buildActionMask = 2147483647;
			files = (
			);
			runOnlyForDeploymentPostprocessing = 0;
		};
		AD1DA9562E44B12E00E501B5 /* Resources */ = {
			isa = PBXResourcesBuildPhase;
			buildActionMask = 2147483647;
			files = (
			);
			runOnlyForDeploymentPostprocessing = 0;
		};
		AD1DA9602E44B12E00E501B5 /* Resources */ = {
			isa = PBXResourcesBuildPhase;
			buildActionMask = 2147483647;
			files = (
			);
			runOnlyForDeploymentPostprocessing = 0;
		};
/* End PBXResourcesBuildPhase section */

/* Begin PBXSourcesBuildPhase section */
		AD1DA93E2E44B12A00E501B5 /* Sources */ = {
			isa = PBXSourcesBuildPhase;
			buildActionMask = 2147483647;
			files = (
				ADBA72ED2E69A87D00C41007 /* OAuth2TokenStorage.swift in Sources */,
				AD430AEC2E48C7A900F90C76 /* ImagesListCell.swift in Sources */,
				AD430AE02E48C0AE00F90C76 /* ImagesListViewController.swift in Sources */,
				ADBA72F72E69C8F700C41007 /* SplashViewController.swift in Sources */,
				ADBA72F02E69A89F00C41007 /* OAuth2ResponseBody.swift in Sources */,
				AD8AFB3D2E606C0900922AD3 /* Constants.swift in Sources */,
				AD4844152E589B2200279658 /* SingleImageViewController.swift in Sources */,
				ADBA72E62E65CE3F00C41007 /* OAuth2Service.swift in Sources */,
			);
			runOnlyForDeploymentPostprocessing = 0;
		};
		AD1DA9542E44B12E00E501B5 /* Sources */ = {
			isa = PBXSourcesBuildPhase;
			buildActionMask = 2147483647;
			files = (
			);
			runOnlyForDeploymentPostprocessing = 0;
		};
		AD1DA95E2E44B12E00E501B5 /* Sources */ = {
			isa = PBXSourcesBuildPhase;
			buildActionMask = 2147483647;
			files = (
				ADBA72F12E69A89F00C41007 /* OAuth2ResponseBody.swift in Sources */,
				ADBA72E72E65CE3F00C41007 /* OAuth2Service.swift in Sources */,
				ADBA72EE2E69A87D00C41007 /* OAuth2TokenStorage.swift in Sources */,
				AD4844142E589B2200279658 /* SingleImageViewController.swift in Sources */,
				ADBA72F62E69C8F700C41007 /* SplashViewController.swift in Sources */,
			);
			runOnlyForDeploymentPostprocessing = 0;
		};
/* End PBXSourcesBuildPhase section */

/* Begin PBXTargetDependency section */
		AD1DA95A2E44B12E00E501B5 /* PBXTargetDependency */ = {
			isa = PBXTargetDependency;
			target = AD1DA9412E44B12A00E501B5 /* ImageFeed */;
			targetProxy = AD1DA9592E44B12E00E501B5 /* PBXContainerItemProxy */;
		};
		AD1DA9642E44B12E00E501B5 /* PBXTargetDependency */ = {
			isa = PBXTargetDependency;
			target = AD1DA9412E44B12A00E501B5 /* ImageFeed */;
			targetProxy = AD1DA9632E44B12E00E501B5 /* PBXContainerItemProxy */;
		};
/* End PBXTargetDependency section */

/* Begin XCBuildConfiguration section */
		AD1DA96C2E44B12E00E501B5 /* Debug */ = {
			isa = XCBuildConfiguration;
			buildSettings = {
				ASSETCATALOG_COMPILER_APPICON_NAME = AppIcon;
				ASSETCATALOG_COMPILER_GLOBAL_ACCENT_COLOR_NAME = AccentColor;
				CODE_SIGN_STYLE = Automatic;
				CURRENT_PROJECT_VERSION = 1;
				DEVELOPMENT_TEAM = 7453SDX53J;
				GENERATE_INFOPLIST_FILE = YES;
				INFOPLIST_FILE = ImageFeed/Info.plist;
				INFOPLIST_KEY_UIApplicationSupportsIndirectInputEvents = YES;
				INFOPLIST_KEY_UILaunchStoryboardName = LaunchScreen;
				INFOPLIST_KEY_UIMainStoryboardFile = Main;
				INFOPLIST_KEY_UISupportedInterfaceOrientations_iPad = "UIInterfaceOrientationPortrait UIInterfaceOrientationPortraitUpsideDown UIInterfaceOrientationLandscapeLeft UIInterfaceOrientationLandscapeRight";
				INFOPLIST_KEY_UISupportedInterfaceOrientations_iPhone = UIInterfaceOrientationPortrait;
				IPHONEOS_DEPLOYMENT_TARGET = 13;
				LD_RUNPATH_SEARCH_PATHS = (
					"$(inherited)",
					"@executable_path/Frameworks",
				);
				MARKETING_VERSION = 1.0;
				PRODUCT_BUNDLE_IDENTIFIER = ru.docencon.practicum.ImageFeed;
				PRODUCT_NAME = "$(TARGET_NAME)";
				SUPPORTED_PLATFORMS = "iphoneos iphonesimulator";
				SUPPORTS_MACCATALYST = NO;
				SWIFT_EMIT_LOC_STRINGS = YES;
				SWIFT_VERSION = 5.0;
				TARGETED_DEVICE_FAMILY = 1;
			};
			name = Debug;
		};
		AD1DA96D2E44B12E00E501B5 /* Release */ = {
			isa = XCBuildConfiguration;
			buildSettings = {
				ASSETCATALOG_COMPILER_APPICON_NAME = AppIcon;
				ASSETCATALOG_COMPILER_GLOBAL_ACCENT_COLOR_NAME = AccentColor;
				CODE_SIGN_STYLE = Automatic;
				CURRENT_PROJECT_VERSION = 1;
				DEVELOPMENT_TEAM = 7453SDX53J;
				GENERATE_INFOPLIST_FILE = YES;
				INFOPLIST_FILE = ImageFeed/Info.plist;
				INFOPLIST_KEY_UIApplicationSupportsIndirectInputEvents = YES;
				INFOPLIST_KEY_UILaunchStoryboardName = LaunchScreen;
				INFOPLIST_KEY_UIMainStoryboardFile = Main;
				INFOPLIST_KEY_UISupportedInterfaceOrientations_iPad = "UIInterfaceOrientationPortrait UIInterfaceOrientationPortraitUpsideDown UIInterfaceOrientationLandscapeLeft UIInterfaceOrientationLandscapeRight";
				INFOPLIST_KEY_UISupportedInterfaceOrientations_iPhone = UIInterfaceOrientationPortrait;
				IPHONEOS_DEPLOYMENT_TARGET = 13;
				LD_RUNPATH_SEARCH_PATHS = (
					"$(inherited)",
					"@executable_path/Frameworks",
				);
				MARKETING_VERSION = 1.0;
				PRODUCT_BUNDLE_IDENTIFIER = ru.docencon.practicum.ImageFeed;
				PRODUCT_NAME = "$(TARGET_NAME)";
				SUPPORTED_PLATFORMS = "iphoneos iphonesimulator";
				SUPPORTS_MACCATALYST = NO;
				SWIFT_EMIT_LOC_STRINGS = YES;
				SWIFT_VERSION = 5.0;
				TARGETED_DEVICE_FAMILY = 1;
			};
			name = Release;
		};
		AD1DA96E2E44B12E00E501B5 /* Debug */ = {
			isa = XCBuildConfiguration;
			buildSettings = {
				ALWAYS_SEARCH_USER_PATHS = NO;
				ASSETCATALOG_COMPILER_GENERATE_SWIFT_ASSET_SYMBOL_EXTENSIONS = YES;
				CLANG_ANALYZER_NONNULL = YES;
				CLANG_ANALYZER_NUMBER_OBJECT_CONVERSION = YES_AGGRESSIVE;
				CLANG_CXX_LANGUAGE_STANDARD = "gnu++20";
				CLANG_ENABLE_MODULES = YES;
				CLANG_ENABLE_OBJC_ARC = YES;
				CLANG_ENABLE_OBJC_WEAK = YES;
				CLANG_WARN_BLOCK_CAPTURE_AUTORELEASING = YES;
				CLANG_WARN_BOOL_CONVERSION = YES;
				CLANG_WARN_COMMA = YES;
				CLANG_WARN_CONSTANT_CONVERSION = YES;
				CLANG_WARN_DEPRECATED_OBJC_IMPLEMENTATIONS = YES;
				CLANG_WARN_DIRECT_OBJC_ISA_USAGE = YES_ERROR;
				CLANG_WARN_DOCUMENTATION_COMMENTS = YES;
				CLANG_WARN_EMPTY_BODY = YES;
				CLANG_WARN_ENUM_CONVERSION = YES;
				CLANG_WARN_INFINITE_RECURSION = YES;
				CLANG_WARN_INT_CONVERSION = YES;
				CLANG_WARN_NON_LITERAL_NULL_CONVERSION = YES;
				CLANG_WARN_OBJC_IMPLICIT_RETAIN_SELF = YES;
				CLANG_WARN_OBJC_LITERAL_CONVERSION = YES;
				CLANG_WARN_OBJC_ROOT_CLASS = YES_ERROR;
				CLANG_WARN_QUOTED_INCLUDE_IN_FRAMEWORK_HEADER = YES;
				CLANG_WARN_RANGE_LOOP_ANALYSIS = YES;
				CLANG_WARN_STRICT_PROTOTYPES = YES;
				CLANG_WARN_SUSPICIOUS_MOVE = YES;
				CLANG_WARN_UNGUARDED_AVAILABILITY = YES_AGGRESSIVE;
				CLANG_WARN_UNREACHABLE_CODE = YES;
				CLANG_WARN__DUPLICATE_METHOD_MATCH = YES;
				COPY_PHASE_STRIP = NO;
				DEBUG_INFORMATION_FORMAT = dwarf;
				DEVELOPMENT_TEAM = 7453SDX53J;
				ENABLE_STRICT_OBJC_MSGSEND = YES;
				ENABLE_TESTABILITY = YES;
				ENABLE_USER_SCRIPT_SANDBOXING = YES;
				GCC_C_LANGUAGE_STANDARD = gnu17;
				GCC_DYNAMIC_NO_PIC = NO;
				GCC_NO_COMMON_BLOCKS = YES;
				GCC_OPTIMIZATION_LEVEL = 0;
				GCC_PREPROCESSOR_DEFINITIONS = (
					"DEBUG=1",
					"$(inherited)",
				);
				GCC_WARN_64_TO_32_BIT_CONVERSION = YES;
				GCC_WARN_ABOUT_RETURN_TYPE = YES_ERROR;
				GCC_WARN_UNDECLARED_SELECTOR = YES;
				GCC_WARN_UNINITIALIZED_AUTOS = YES_AGGRESSIVE;
				GCC_WARN_UNUSED_FUNCTION = YES;
				GCC_WARN_UNUSED_VARIABLE = YES;
				IPHONEOS_DEPLOYMENT_TARGET = 18.4;
				LOCALIZATION_PREFERS_STRING_CATALOGS = YES;
				MTL_ENABLE_DEBUG_INFO = INCLUDE_SOURCE;
				MTL_FAST_MATH = YES;
				ONLY_ACTIVE_ARCH = YES;
				SDKROOT = iphoneos;
				SWIFT_ACTIVE_COMPILATION_CONDITIONS = "DEBUG $(inherited)";
				SWIFT_OPTIMIZATION_LEVEL = "-Onone";
			};
			name = Debug;
		};
		AD1DA96F2E44B12E00E501B5 /* Release */ = {
			isa = XCBuildConfiguration;
			buildSettings = {
				ALWAYS_SEARCH_USER_PATHS = NO;
				ASSETCATALOG_COMPILER_GENERATE_SWIFT_ASSET_SYMBOL_EXTENSIONS = YES;
				CLANG_ANALYZER_NONNULL = YES;
				CLANG_ANALYZER_NUMBER_OBJECT_CONVERSION = YES_AGGRESSIVE;
				CLANG_CXX_LANGUAGE_STANDARD = "gnu++20";
				CLANG_ENABLE_MODULES = YES;
				CLANG_ENABLE_OBJC_ARC = YES;
				CLANG_ENABLE_OBJC_WEAK = YES;
				CLANG_WARN_BLOCK_CAPTURE_AUTORELEASING = YES;
				CLANG_WARN_BOOL_CONVERSION = YES;
				CLANG_WARN_COMMA = YES;
				CLANG_WARN_CONSTANT_CONVERSION = YES;
				CLANG_WARN_DEPRECATED_OBJC_IMPLEMENTATIONS = YES;
				CLANG_WARN_DIRECT_OBJC_ISA_USAGE = YES_ERROR;
				CLANG_WARN_DOCUMENTATION_COMMENTS = YES;
				CLANG_WARN_EMPTY_BODY = YES;
				CLANG_WARN_ENUM_CONVERSION = YES;
				CLANG_WARN_INFINITE_RECURSION = YES;
				CLANG_WARN_INT_CONVERSION = YES;
				CLANG_WARN_NON_LITERAL_NULL_CONVERSION = YES;
				CLANG_WARN_OBJC_IMPLICIT_RETAIN_SELF = YES;
				CLANG_WARN_OBJC_LITERAL_CONVERSION = YES;
				CLANG_WARN_OBJC_ROOT_CLASS = YES_ERROR;
				CLANG_WARN_QUOTED_INCLUDE_IN_FRAMEWORK_HEADER = YES;
				CLANG_WARN_RANGE_LOOP_ANALYSIS = YES;
				CLANG_WARN_STRICT_PROTOTYPES = YES;
				CLANG_WARN_SUSPICIOUS_MOVE = YES;
				CLANG_WARN_UNGUARDED_AVAILABILITY = YES_AGGRESSIVE;
				CLANG_WARN_UNREACHABLE_CODE = YES;
				CLANG_WARN__DUPLICATE_METHOD_MATCH = YES;
				COPY_PHASE_STRIP = NO;
				DEBUG_INFORMATION_FORMAT = "dwarf-with-dsym";
				DEVELOPMENT_TEAM = 7453SDX53J;
				ENABLE_NS_ASSERTIONS = NO;
				ENABLE_STRICT_OBJC_MSGSEND = YES;
				ENABLE_USER_SCRIPT_SANDBOXING = YES;
				GCC_C_LANGUAGE_STANDARD = gnu17;
				GCC_NO_COMMON_BLOCKS = YES;
				GCC_WARN_64_TO_32_BIT_CONVERSION = YES;
				GCC_WARN_ABOUT_RETURN_TYPE = YES_ERROR;
				GCC_WARN_UNDECLARED_SELECTOR = YES;
				GCC_WARN_UNINITIALIZED_AUTOS = YES_AGGRESSIVE;
				GCC_WARN_UNUSED_FUNCTION = YES;
				GCC_WARN_UNUSED_VARIABLE = YES;
				IPHONEOS_DEPLOYMENT_TARGET = 18.4;
				LOCALIZATION_PREFERS_STRING_CATALOGS = YES;
				MTL_ENABLE_DEBUG_INFO = NO;
				MTL_FAST_MATH = YES;
				SDKROOT = iphoneos;
				SWIFT_COMPILATION_MODE = wholemodule;
				VALIDATE_PRODUCT = YES;
			};
			name = Release;
		};
		AD1DA9712E44B12E00E501B5 /* Debug */ = {
			isa = XCBuildConfiguration;
			buildSettings = {
				BUNDLE_LOADER = "$(TEST_HOST)";
				CODE_SIGN_STYLE = Automatic;
				CURRENT_PROJECT_VERSION = 1;
				DEVELOPMENT_TEAM = 7453SDX53J;
				GENERATE_INFOPLIST_FILE = YES;
				IPHONEOS_DEPLOYMENT_TARGET = 18.4;
				MARKETING_VERSION = 1.0;
				PRODUCT_BUNDLE_IDENTIFIER = ru.docencon.practicum.ImageFeedTests;
				PRODUCT_NAME = "$(TARGET_NAME)";
				SWIFT_EMIT_LOC_STRINGS = NO;
				SWIFT_VERSION = 5.0;
				TARGETED_DEVICE_FAMILY = "1,2";
				TEST_HOST = "$(BUILT_PRODUCTS_DIR)/ImageFeed.app/$(BUNDLE_EXECUTABLE_FOLDER_PATH)/ImageFeed";
			};
			name = Debug;
		};
		AD1DA9722E44B12E00E501B5 /* Release */ = {
			isa = XCBuildConfiguration;
			buildSettings = {
				BUNDLE_LOADER = "$(TEST_HOST)";
				CODE_SIGN_STYLE = Automatic;
				CURRENT_PROJECT_VERSION = 1;
				DEVELOPMENT_TEAM = 7453SDX53J;
				GENERATE_INFOPLIST_FILE = YES;
				IPHONEOS_DEPLOYMENT_TARGET = 18.4;
				MARKETING_VERSION = 1.0;
				PRODUCT_BUNDLE_IDENTIFIER = ru.docencon.practicum.ImageFeedTests;
				PRODUCT_NAME = "$(TARGET_NAME)";
				SWIFT_EMIT_LOC_STRINGS = NO;
				SWIFT_VERSION = 5.0;
				TARGETED_DEVICE_FAMILY = "1,2";
				TEST_HOST = "$(BUILT_PRODUCTS_DIR)/ImageFeed.app/$(BUNDLE_EXECUTABLE_FOLDER_PATH)/ImageFeed";
			};
			name = Release;
		};
		AD1DA9742E44B12E00E501B5 /* Debug */ = {
			isa = XCBuildConfiguration;
			buildSettings = {
				CODE_SIGN_STYLE = Automatic;
				CURRENT_PROJECT_VERSION = 1;
				DEVELOPMENT_TEAM = 7453SDX53J;
				GENERATE_INFOPLIST_FILE = YES;
				MARKETING_VERSION = 1.0;
				PRODUCT_BUNDLE_IDENTIFIER = ru.docencon.practicum.ImageFeedUITests;
				PRODUCT_NAME = "$(TARGET_NAME)";
				SWIFT_EMIT_LOC_STRINGS = NO;
				SWIFT_VERSION = 5.0;
				TARGETED_DEVICE_FAMILY = "1,2";
				TEST_TARGET_NAME = ImageFeed;
			};
			name = Debug;
		};
		AD1DA9752E44B12E00E501B5 /* Release */ = {
			isa = XCBuildConfiguration;
			buildSettings = {
				CODE_SIGN_STYLE = Automatic;
				CURRENT_PROJECT_VERSION = 1;
				DEVELOPMENT_TEAM = 7453SDX53J;
				GENERATE_INFOPLIST_FILE = YES;
				MARKETING_VERSION = 1.0;
				PRODUCT_BUNDLE_IDENTIFIER = ru.docencon.practicum.ImageFeedUITests;
				PRODUCT_NAME = "$(TARGET_NAME)";
				SWIFT_EMIT_LOC_STRINGS = NO;
				SWIFT_VERSION = 5.0;
				TARGETED_DEVICE_FAMILY = "1,2";
				TEST_TARGET_NAME = ImageFeed;
			};
			name = Release;
		};
/* End XCBuildConfiguration section */

/* Begin XCConfigurationList section */
		AD1DA93D2E44B12A00E501B5 /* Build configuration list for PBXProject "ImageFeed" */ = {
			isa = XCConfigurationList;
			buildConfigurations = (
				AD1DA96E2E44B12E00E501B5 /* Debug */,
				AD1DA96F2E44B12E00E501B5 /* Release */,
			);
			defaultConfigurationIsVisible = 0;
			defaultConfigurationName = Release;
		};
		AD1DA96B2E44B12E00E501B5 /* Build configuration list for PBXNativeTarget "ImageFeed" */ = {
			isa = XCConfigurationList;
			buildConfigurations = (
				AD1DA96C2E44B12E00E501B5 /* Debug */,
				AD1DA96D2E44B12E00E501B5 /* Release */,
			);
			defaultConfigurationIsVisible = 0;
			defaultConfigurationName = Release;
		};
		AD1DA9702E44B12E00E501B5 /* Build configuration list for PBXNativeTarget "ImageFeedTests" */ = {
			isa = XCConfigurationList;
			buildConfigurations = (
				AD1DA9712E44B12E00E501B5 /* Debug */,
				AD1DA9722E44B12E00E501B5 /* Release */,
			);
			defaultConfigurationIsVisible = 0;
			defaultConfigurationName = Release;
		};
		AD1DA9732E44B12E00E501B5 /* Build configuration list for PBXNativeTarget "ImageFeedUITests" */ = {
			isa = XCConfigurationList;
			buildConfigurations = (
				AD1DA9742E44B12E00E501B5 /* Debug */,
				AD1DA9752E44B12E00E501B5 /* Release */,
			);
			defaultConfigurationIsVisible = 0;
			defaultConfigurationName = Release;
		};
/* End XCConfigurationList section */
	};
	rootObject = AD1DA93A2E44B12A00E501B5 /* Project object */;
}
